
Microsoft Visual Studio Solution File, Format Version 12.00
# Visual Studio Version 17
VisualStudioVersion = 17.3.32929.385
MinimumVisualStudioVersion = 10.0.40219.1
Project("{FAE04EC0-301F-11D3-BF4B-00C04F79EFBC}") = "tonomat_de_vanzari", "tonomat_de_vanzari\tonomat_de_vanzari.csproj", "{BA24C3B7-28C1-41E4-865A-3E786D5D30E5}"
EndProject
Global
	GlobalSection(SolutionConfigurationPlatforms) = preSolution
		Debug|Any CPU = Debug|Any CPU
		Release|Any CPU = Release|Any CPU
	EndGlobalSection
	GlobalSection(ProjectConfigurationPlatforms) = postSolution
		{BA24C3B7-28C1-41E4-865A-3E786D5D30E5}.Debug|Any CPU.ActiveCfg = Debug|Any CPU
		{BA24C3B7-28C1-41E4-865A-3E786D5D30E5}.Debug|Any CPU.Build.0 = Debug|Any CPU
		{BA24C3B7-28C1-41E4-865A-3E786D5D30E5}.Release|Any CPU.ActiveCfg = Release|Any CPU
		{BA24C3B7-28C1-41E4-865A-3E786D5D30E5}.Release|Any CPU.Build.0 = Release|Any CPU
	EndGlobalSection
	GlobalSection(SolutionProperties) = preSolution
		HideSolutionNode = FALSE
	EndGlobalSection
	GlobalSection(ExtensibilityGlobals) = postSolution
		SolutionGuid = {52F645A2-5859-4F46-9099-DD30551BC71F}
	EndGlobalSection
EndGlobal
